
Microsoft Visual Studio Solution File, Format Version 12.00
# Visual Studio Version 17
VisualStudioVersion = 17.9.34616.47
MinimumVisualStudioVersion = 10.0.40219.1
Project("{FAE04EC0-301F-11D3-BF4B-00C04F79EFBC}") = "Project while Johnathan is gone", "Project while Johnathan is gone.csproj", "{090F4BE0-490B-4FC7-8BC1-BC1EF6CAA340}"
EndProject
Global
	GlobalSection(SolutionConfigurationPlatforms) = preSolution
		Debug|Any CPU = Debug|Any CPU
		Release|Any CPU = Release|Any CPU
	EndGlobalSection
	GlobalSection(ProjectConfigurationPlatforms) = postSolution
		{090F4BE0-490B-4FC7-8BC1-BC1EF6CAA340}.Debug|Any CPU.ActiveCfg = Debug|Any CPU
		{090F4BE0-490B-4FC7-8BC1-BC1EF6CAA340}.Debug|Any CPU.Build.0 = Debug|Any CPU
		{090F4BE0-490B-4FC7-8BC1-BC1EF6CAA340}.Release|Any CPU.ActiveCfg = Release|Any CPU
		{090F4BE0-490B-4FC7-8BC1-BC1EF6CAA340}.Release|Any CPU.Build.0 = Release|Any CPU
	EndGlobalSection
	GlobalSection(SolutionProperties) = preSolution
		HideSolutionNode = FALSE
	EndGlobalSection
	GlobalSection(ExtensibilityGlobals) = postSolution
		SolutionGuid = {C0C62A18-46CB-43C5-B14A-889B2DB6358D}
	EndGlobalSection
EndGlobal
